<?xml version="1.0" encoding="utf-8"?>
<Project ToolsVersion="4.0" xmlns="http://schemas.microsoft.com/developer/msbuild/2003">
  <ItemGroup>
    <Filter Include="Source Files">
      <UniqueIdentifier>{4FC737F1-C7A5-4376-A066-2A32D752A2FF}</UniqueIdentifier>
      <Extensions>cpp;c;cc;cxx;c++;cppm;ixx;def;odl;idl;hpj;bat;asm;asmx</Extensions>
    </Filter>
    <Filter Include="Header Files">
      <UniqueIdentifier>{93995380-89BD-4b04-88EB-625FBE52EBFB}</UniqueIdentifier>
      <Extensions>h;hh;hpp;hxx;h++;hm;inl;inc;ipp;xsd</Extensions>
    </Filter>
    <Filter Include="Resource Files">
      <UniqueIdentifier>{67DA6AB6-F800-4c08-8B7A-83BB121AAD01}</UniqueIdentifier>
      <Extensions>rc;ico;cur;bmp;dlg;rc2;rct;bin;rgs;gif;jpg;jpeg;jpe;resx;tiff;tif;png;wav;mfcribbon-ms</Extensions>
    </Filter>
  </ItemGroup>
  <ItemGroup>
    <ClInclude Include="CL_CAD.h">
      <Filter>Header Files</Filter>
    </ClInclude>
    <ClInclude Include="CL_mapAdresse.h">
      <Filter>Header Files</Filter>
    </ClInclude>
    <ClInclude Include="CL_mapStock.h">
      <Filter>Header Files</Filter>
    </ClInclude>
    <ClInclude Include="CL_mapClient.h">
      <Filter>Header Files</Filter>
    </ClInclude>
    <ClInclude Include="CL_mapCommande.h">
      <Filter>Header Files</Filter>
    </ClInclude>
    <ClInclude Include="CL_mapDate.h">
      <Filter>Header Files</Filter>
    </ClInclude>
    <ClInclude Include="CL_mapPersonnel.h">
      <Filter>Header Files</Filter>
    </ClInclude>
    <ClInclude Include="CL_mapStatistique.h">
      <Filter>Header Files</Filter>
    </ClInclude>
    <ClInclude Include="CL_svcClient.h">
      <Filter>Header Files</Filter>
    </ClInclude>
    <ClInclude Include="CL_svcCommande.h">
      <Filter>Header Files</Filter>
    </ClInclude>
    <ClInclude Include="CL_svcPersonnel.h">
      <Filter>Header Files</Filter>
    </ClInclude>
    <ClInclude Include="CL_svcStatistique.h">
      <Filter>Header Files</Filter>
    </ClInclude>
    <ClInclude Include="CL_svcStock.h">
      <Filter>Header Files</Filter>
    </ClInclude>
    <ClInclude Include="ClientForm.h">
      <Filter>Header Files</Filter>
    </ClInclude>
    <ClInclude Include="Commande.h">
      <Filter>Header Files</Filter>
    </ClInclude>
    <ClInclude Include="PersonnelForm.h">
      <Filter>Header Files</Filter>
    </ClInclude>
    <ClInclude Include="StockForm.h">
      <Filter>Header Files</Filter>
    </ClInclude>
    <ClInclude Include="StatForm.h">
      <Filter>Header Files</Filter>
    </ClInclude>
    <ClInclude Include="MyForm.h">
      <Filter>Header Files</Filter>
    </ClInclude>
  </ItemGroup>
  <ItemGroup>
    <ClCompile Include="CL_CAD.cpp">
      <Filter>Source Files</Filter>
    </ClCompile>
    <ClCompile Include="CL_mapAdresse.cpp">
      <Filter>Source Files</Filter>
    </ClCompile>
    <ClCompile Include="CL_mapStock.cpp">
      <Filter>Source Files</Filter>
    </ClCompile>
    <ClCompile Include="CL_mapClient.cpp">
      <Filter>Source Files</Filter>
    </ClCompile>
    <ClCompile Include="CL_mapCommande.cpp">
      <Filter>Source Files</Filter>
    </ClCompile>
    <ClCompile Include="CL_mapDate.cpp">
      <Filter>Source Files</Filter>
    </ClCompile>
    <ClCompile Include="CL_mapPersonnel.cpp">
      <Filter>Source Files</Filter>
    </ClCompile>
    <ClCompile Include="CL_mapStatistique.cpp">
      <Filter>Source Files</Filter>
    </ClCompile>
    <ClCompile Include="CL_svcClient.cpp">
      <Filter>Source Files</Filter>
    </ClCompile>
    <ClCompile Include="CL_svcCommande.cpp">
      <Filter>Source Files</Filter>
    </ClCompile>
    <ClCompile Include="CL_svcPersonnel.cpp">
      <Filter>Source Files</Filter>
    </ClCompile>
    <ClCompile Include="CL_svcStatistique.cpp">
      <Filter>Source Files</Filter>
    </ClCompile>
    <ClCompile Include="CL_svcStock.cpp">
      <Filter>Source Files</Filter>
    </ClCompile>
    <ClCompile Include="ClientForm.cpp">
      <Filter>Source Files</Filter>
    </ClCompile>
    <ClCompile Include="Commande.cpp">
      <Filter>Source Files</Filter>
    </ClCompile>
    <ClCompile Include="PersonnelForm.cpp">
      <Filter>Source Files</Filter>
    </ClCompile>
    <ClCompile Include="StockForm.cpp">
      <Filter>Source Files</Filter>
    </ClCompile>
    <ClCompile Include="StatForm.cpp">
      <Filter>Source Files</Filter>
    </ClCompile>
    <ClCompile Include="MyForm.cpp">
      <Filter>Source Files</Filter>
    </ClCompile>
  </ItemGroup>
</Project>